
Microsoft Visual Studio Solution File, Format Version 12.00
# Visual Studio 15
VisualStudioVersion = 15.0.27004.2005
MinimumVisualStudioVersion = 10.0.40219.1
Project("{FAE04EC0-301F-11D3-BF4B-00C04F79EFBC}") = "MessageBoard", "MessageBoard\MessageBoard.csproj", "{64AF882C-0EE5-4A90-BCF8-67B770A0EB57}"
EndProject
Project("{FAE04EC0-301F-11D3-BF4B-00C04F79EFBC}") = "MessageBoard.Tests", "MessageBoard.Tests\MessageBoard.Tests.csproj", "{F9A6EE3D-57FD-466F-A37B-7691C3F6B012}"
EndProject
Global
	GlobalSection(SolutionConfigurationPlatforms) = preSolution
		Debug|Any CPU = Debug|Any CPU
		Release|Any CPU = Release|Any CPU
	EndGlobalSection
	GlobalSection(ProjectConfigurationPlatforms) = postSolution
		{64AF882C-0EE5-4A90-BCF8-67B770A0EB57}.Debug|Any CPU.ActiveCfg = Debug|Any CPU
		{64AF882C-0EE5-4A90-BCF8-67B770A0EB57}.Debug|Any CPU.Build.0 = Debug|Any CPU
		{64AF882C-0EE5-4A90-BCF8-67B770A0EB57}.Release|Any CPU.ActiveCfg = Release|Any CPU
		{64AF882C-0EE5-4A90-BCF8-67B770A0EB57}.Release|Any CPU.Build.0 = Release|Any CPU
		{F9A6EE3D-57FD-466F-A37B-7691C3F6B012}.Debug|Any CPU.ActiveCfg = Debug|Any CPU
		{F9A6EE3D-57FD-466F-A37B-7691C3F6B012}.Debug|Any CPU.Build.0 = Debug|Any CPU
		{F9A6EE3D-57FD-466F-A37B-7691C3F6B012}.Release|Any CPU.ActiveCfg = Release|Any CPU
		{F9A6EE3D-57FD-466F-A37B-7691C3F6B012}.Release|Any CPU.Build.0 = Release|Any CPU
	EndGlobalSection
	GlobalSection(SolutionProperties) = preSolution
		HideSolutionNode = FALSE
	EndGlobalSection
	GlobalSection(ExtensibilityGlobals) = postSolution
		SolutionGuid = {CF849C54-31CB-4433-AFF6-6A71FC3D5888}
	EndGlobalSection
EndGlobal
